{
    "_readme": [
        "This file locks the dependencies of your project to a known state",
        "Read more about it at https://getcomposer.org/doc/01-basic-usage.md#composer-lock-the-lock-file",
        "This file is @generated automatically"
    ],
    "hash": "65c50200ad0d78c64489b0aa3cfedb94",
    "content-hash": "7c566ef31580f98a6714f23975c59cea",
    "packages": [
        {
            "name": "drewm/mailchimp-api",
            "version": "v2.1",
            "source": {
                "type": "git",
                "url": "https://github.com/drewm/mailchimp-api.git",
                "reference": "a9bf617afb5a9bcb2601f5cc23b01a7b581d5659"
            },
            "dist": {
                "type": "zip",
                "url": "https://api.github.com/repos/drewm/mailchimp-api/zipball/a9bf617afb5a9bcb2601f5cc23b01a7b581d5659",
                "reference": "a9bf617afb5a9bcb2601f5cc23b01a7b581d5659",
                "shasum": ""
            },
            "require": {
                "php": ">=5.3"
            },
            "require-dev": {
                "phpunit/phpunit": "4.0.*",
                "vlucas/phpdotenv": "^2.0"
            },
            "type": "library",
            "autoload": {
                "psr-4": {
                    "DrewM\\MailChimp\\": "src"
                }
            },
            "notification-url": "https://packagist.org/downloads/",
            "license": [
                "MIT"
            ],
            "authors": [
                {
                    "name": "Drew McLellan",
                    "email": "drew.mclellan@gmail.com",
                    "homepage": "http://allinthehead.com/"
                }
            ],
            "description": "Super-simple, minimum abstraction MailChimp API v3 wrapper",
            "homepage": "https://github.com/drewm/mailchimp-api",
            "time": "2016-01-30 16:12:54"
        },
        {
            "name": "erusev/parsedown",
            "version": "1.6.0",
            "source": {
                "type": "git",
                "url": "https://github.com/erusev/parsedown.git",
                "reference": "3ebbd730b5c2cf5ce78bc1bf64071407fc6674b7"
            },
            "dist": {
                "type": "zip",
                "url": "https://api.github.com/repos/erusev/parsedown/zipball/3ebbd730b5c2cf5ce78bc1bf64071407fc6674b7",
                "reference": "3ebbd730b5c2cf5ce78bc1bf64071407fc6674b7",
                "shasum": ""
            },
            "type": "library",
            "autoload": {
                "psr-0": {
                    "Parsedown": ""
                }
            },
            "notification-url": "https://packagist.org/downloads/",
            "license": [
                "MIT"
            ],
            "authors": [
                {
                    "name": "Emanuil Rusev",
                    "email": "hello@erusev.com",
                    "homepage": "http://erusev.com"
                }
            ],
            "description": "Parser for Markdown.",
            "homepage": "http://parsedown.org",
            "keywords": [
                "markdown",
                "parser"
            ],
            "time": "2015-10-04 16:44:32"
        },
        {
            "name": "filp/whoops",
            "version": "2.1.0",
            "source": {
                "type": "git",
                "url": "https://github.com/filp/whoops.git",
                "reference": "8da9523f07c62d56fe1cf36f8ae29b333afc181f"
            },
            "dist": {
                "type": "zip",
                "url": "https://api.github.com/repos/filp/whoops/zipball/8da9523f07c62d56fe1cf36f8ae29b333afc181f",
                "reference": "8da9523f07c62d56fe1cf36f8ae29b333afc181f",
                "shasum": ""
            },
            "require": {
                "php": ">=5.5.9"
            },
            "require-dev": {
                "mockery/mockery": "0.9.*",
                "phpunit/phpunit": "^4.8 || ^5.0",
                "symfony/var-dumper": "~3.0"
            },
            "suggest": {
                "symfony/var-dumper": "Pretty print complex values better with var-dumper available",
                "whoops/soap": "Formats errors as SOAP responses"
            },
            "type": "library",
            "extra": {
                "branch-alias": {
                    "dev-master": "2.0-dev"
                }
            },
            "autoload": {
                "psr-4": {
                    "Whoops\\": "src/Whoops/"
                }
            },
            "notification-url": "https://packagist.org/downloads/",
            "license": [
                "MIT"
            ],
            "authors": [
                {
                    "name": "Filipe Dobreira",
                    "homepage": "https://github.com/filp",
                    "role": "Developer"
                }
            ],
            "description": "php error handling for cool kids",
            "homepage": "https://github.com/filp/whoops",
            "keywords": [
                "error",
                "exception",
                "handling",
                "library",
                "whoops",
                "zf2"
            ],
            "time": "2016-03-13 10:22:39"
        },
        {
            "name": "pear/config_lite",
            "version": "dev-master",
            "source": {
                "type": "git",
                "url": "https://github.com/pear/Config_Lite.git",
                "reference": "f4e4226957402451789a63cd86337b0737dcce42"
            },
            "dist": {
                "type": "zip",
                "url": "https://api.github.com/repos/pear/Config_Lite/zipball/f4e4226957402451789a63cd86337b0737dcce42",
                "reference": "f4e4226957402451789a63cd86337b0737dcce42",
                "shasum": ""
            },
            "require-dev": {
                "phpunit/phpunit": "*"
            },
            "type": "library",
            "autoload": {
                "psr-0": {
                    "": "./"
                }
            },
            "notification-url": "https://packagist.org/downloads/",
            "include-path": [
                "./"
            ],
            "license": [
                "PHP-3.0"
            ],
            "authors": [
                {
                    "name": "Patrick C. Engel",
                    "email": "pce@php.net",
                    "role": "Lead"
                }
            ],
            "description": "Lightweight package for ini style configuration/settings text files",
            "homepage": "http://pear.php.net/package/Config_Lite",
            "time": "2015-10-07 18:38:02"
        }
    ],
    "packages-dev": [],
    "aliases": [],
    "minimum-stability": "dev",
    "stability-flags": {
        "pear/config_lite": 20
    },
    "prefer-stable": false,
    "prefer-lowest": false,
    "platform": [],
    "platform-dev": []
}
